// !$*UTF8*$!
{
	archiveVersion = 1;
	classes = {
	};
	objectVersion = 50;
	objects = {

/* Begin PBXBuildFile section */
		1832E0F82DF7F9CB1CC49469 /* Pods_Peanut.framework in Frameworks */ = {isa = PBXBuildFile; fileRef = 4D24EFEF7436846B179B8A39 /* Pods_Peanut.framework */; };
		F516D08321C4F0F800E3B2E7 /* AppDelegate.swift in Sources */ = {isa = PBXBuildFile; fileRef = F516D08121C4F0F800E3B2E7 /* AppDelegate.swift */; };
		F516D08421C4F0F800E3B2E7 /* App.swift in Sources */ = {isa = PBXBuildFile; fileRef = F516D08221C4F0F800E3B2E7 /* App.swift */; };
		F516D08B21C4F19B00E3B2E7 /* CardViewController.swift in Sources */ = {isa = PBXBuildFile; fileRef = F516D08621C4F19B00E3B2E7 /* CardViewController.swift */; };
		F516D08C21C4F19B00E3B2E7 /* WordCardCell.swift in Sources */ = {isa = PBXBuildFile; fileRef = F516D08721C4F19B00E3B2E7 /* WordCardCell.swift */; };
		F516D08D21C4F19B00E3B2E7 /* WordCell.swift in Sources */ = {isa = PBXBuildFile; fileRef = F516D08821C4F19B00E3B2E7 /* WordCell.swift */; };
		F516D08E21C4F19B00E3B2E7 /* Word.swift in Sources */ = {isa = PBXBuildFile; fileRef = F516D08921C4F19B00E3B2E7 /* Word.swift */; };
		F516D08F21C4F19B00E3B2E7 /* WordCardCell.xib in Resources */ = {isa = PBXBuildFile; fileRef = F516D08A21C4F19B00E3B2E7 /* WordCardCell.xib */; };
		F516D09921C4F1B100E3B2E7 /* Assets.xcassets in Resources */ = {isa = PBXBuildFile; fileRef = F516D09221C4F1B100E3B2E7 /* Assets.xcassets */; };
		F516D09A21C4F1B100E3B2E7 /* LaunchScreen.storyboard in Resources */ = {isa = PBXBuildFile; fileRef = F516D09321C4F1B100E3B2E7 /* LaunchScreen.storyboard */; };
		F516D09B21C4F1B100E3B2E7 /* Main.storyboard in Resources */ = {isa = PBXBuildFile; fileRef = F516D09521C4F1B100E3B2E7 /* Main.storyboard */; };
		F516D0A021C4F1B900E3B2E7 /* Extensions.swift in Sources */ = {isa = PBXBuildFile; fileRef = F516D09F21C4F1B900E3B2E7 /* Extensions.swift */; };
		F516D0A321C4F26D00E3B2E7 /* ItemsViewController.swift in Sources */ = {isa = PBXBuildFile; fileRef = F516D0A221C4F26D00E3B2E7 /* ItemsViewController.swift */; };
		F57BAC1C21C4F51C009D8F56 /* SettingsViewController.swift in Sources */ = {isa = PBXBuildFile; fileRef = F57BAC1B21C4F51C009D8F56 /* SettingsViewController.swift */; };
		F57BAC1E21C5014D009D8F56 /* SettingItemCell.swift in Sources */ = {isa = PBXBuildFile; fileRef = F57BAC1D21C5014D009D8F56 /* SettingItemCell.swift */; };
/* End PBXBuildFile section */

/* Begin PBXFileReference section */
		2AA529004B3296D710001735 /* Pods-Peanut.release.xcconfig */ = {isa = PBXFileReference; includeInIndex = 1; lastKnownFileType = text.xcconfig; name = "Pods-Peanut.release.xcconfig"; path = "Target Support Files/Pods-Peanut/Pods-Peanut.release.xcconfig"; sourceTree = "<group>"; };
		4D24EFEF7436846B179B8A39 /* Pods_Peanut.framework */ = {isa = PBXFileReference; explicitFileType = wrapper.framework; includeInIndex = 0; path = Pods_Peanut.framework; sourceTree = BUILT_PRODUCTS_DIR; };
		E530842B1E31C7E8A5469094 /* Pods-Peanut.debug.xcconfig */ = {isa = PBXFileReference; includeInIndex = 1; lastKnownFileType = text.xcconfig; name = "Pods-Peanut.debug.xcconfig"; path = "Target Support Files/Pods-Peanut/Pods-Peanut.debug.xcconfig"; sourceTree = "<group>"; };
		F516D08121C4F0F800E3B2E7 /* AppDelegate.swift */ = {isa = PBXFileReference; fileEncoding = 4; lastKnownFileType = sourcecode.swift; path = AppDelegate.swift; sourceTree = "<group>"; };
		F516D08221C4F0F800E3B2E7 /* App.swift */ = {isa = PBXFileReference; fileEncoding = 4; lastKnownFileType = sourcecode.swift; path = App.swift; sourceTree = "<group>"; };
		F516D08621C4F19B00E3B2E7 /* CardViewController.swift */ = {isa = PBXFileReference; fileEncoding = 4; lastKnownFileType = sourcecode.swift; path = CardViewController.swift; sourceTree = "<group>"; };
		F516D08721C4F19B00E3B2E7 /* WordCardCell.swift */ = {isa = PBXFileReference; fileEncoding = 4; lastKnownFileType = sourcecode.swift; path = WordCardCell.swift; sourceTree = "<group>"; };
		F516D08821C4F19B00E3B2E7 /* WordCell.swift */ = {isa = PBXFileReference; fileEncoding = 4; lastKnownFileType = sourcecode.swift; path = WordCell.swift; sourceTree = "<group>"; };
		F516D08921C4F19B00E3B2E7 /* Word.swift */ = {isa = PBXFileReference; fileEncoding = 4; lastKnownFileType = sourcecode.swift; path = Word.swift; sourceTree = "<group>"; };
		F516D08A21C4F19B00E3B2E7 /* WordCardCell.xib */ = {isa = PBXFileReference; fileEncoding = 4; lastKnownFileType = file.xib; path = WordCardCell.xib; sourceTree = "<group>"; };
		F516D09221C4F1B100E3B2E7 /* Assets.xcassets */ = {isa = PBXFileReference; lastKnownFileType = folder.assetcatalog; path = Assets.xcassets; sourceTree = "<group>"; };
		F516D09421C4F1B100E3B2E7 /* Base */ = {isa = PBXFileReference; lastKnownFileType = file.storyboard; name = Base; path = Base.lproj/LaunchScreen.storyboard; sourceTree = "<group>"; };
		F516D09521C4F1B100E3B2E7 /* Main.storyboard */ = {isa = PBXFileReference; fileEncoding = 4; lastKnownFileType = file.storyboard; path = Main.storyboard; sourceTree = "<group>"; };
		F516D09821C4F1B100E3B2E7 /* Info.plist */ = {isa = PBXFileReference; fileEncoding = 4; lastKnownFileType = text.plist.xml; path = Info.plist; sourceTree = "<group>"; };
		F516D09F21C4F1B900E3B2E7 /* Extensions.swift */ = {isa = PBXFileReference; fileEncoding = 4; lastKnownFileType = sourcecode.swift; path = Extensions.swift; sourceTree = "<group>"; };
		F516D0A221C4F26D00E3B2E7 /* ItemsViewController.swift */ = {isa = PBXFileReference; fileEncoding = 4; lastKnownFileType = sourcecode.swift; path = ItemsViewController.swift; sourceTree = "<group>"; };
		F54E9A3021BCE2900059C631 /* Peanut.app */ = {isa = PBXFileReference; explicitFileType = wrapper.application; includeInIndex = 0; path = Peanut.app; sourceTree = BUILT_PRODUCTS_DIR; };
		F57BAC1B21C4F51C009D8F56 /* SettingsViewController.swift */ = {isa = PBXFileReference; lastKnownFileType = sourcecode.swift; path = SettingsViewController.swift; sourceTree = "<group>"; };
		F57BAC1D21C5014D009D8F56 /* SettingItemCell.swift */ = {isa = PBXFileReference; lastKnownFileType = sourcecode.swift; path = SettingItemCell.swift; sourceTree = "<group>"; };
/* End PBXFileReference section */

/* Begin PBXFrameworksBuildPhase section */
		F54E9A2D21BCE2900059C631 /* Frameworks */ = {
			isa = PBXFrameworksBuildPhase;
			buildActionMask = 2147483647;
			files = (
				1832E0F82DF7F9CB1CC49469 /* Pods_Peanut.framework in Frameworks */,
			);
			runOnlyForDeploymentPostprocessing = 0;
		};
/* End PBXFrameworksBuildPhase section */

/* Begin PBXGroup section */
		8E0D068AED3AFD682A1D9A72 /* Frameworks */ = {
			isa = PBXGroup;
			children = (
				4D24EFEF7436846B179B8A39 /* Pods_Peanut.framework */,
			);
			name = Frameworks;
			sourceTree = "<group>";
		};
		EAAD484C9DB57556B11F9383 /* Pods */ = {
			isa = PBXGroup;
			children = (
				E530842B1E31C7E8A5469094 /* Pods-Peanut.debug.xcconfig */,
				2AA529004B3296D710001735 /* Pods-Peanut.release.xcconfig */,
			);
			path = Pods;
			sourceTree = "<group>";
		};
		F516D08021C4F0F800E3B2E7 /* App Control */ = {
			isa = PBXGroup;
			children = (
				F516D08121C4F0F800E3B2E7 /* AppDelegate.swift */,
				F516D08221C4F0F800E3B2E7 /* App.swift */,
			);
			path = "App Control";
			sourceTree = "<group>";
		};
		F516D08521C4F19B00E3B2E7 /* Words */ = {
			isa = PBXGroup;
			children = (
				F516D08621C4F19B00E3B2E7 /* CardViewController.swift */,
				F516D08721C4F19B00E3B2E7 /* WordCardCell.swift */,
				F516D08821C4F19B00E3B2E7 /* WordCell.swift */,
				F516D08921C4F19B00E3B2E7 /* Word.swift */,
				F516D08A21C4F19B00E3B2E7 /* WordCardCell.xib */,
			);
			path = Words;
			sourceTree = "<group>";
		};
		F516D09021C4F1A800E3B2E7 /* Settings */ = {
			isa = PBXGroup;
			children = (
				F57BAC1B21C4F51C009D8F56 /* SettingsViewController.swift */,
				F57BAC1D21C5014D009D8F56 /* SettingItemCell.swift */,
			);
			path = Settings;
			sourceTree = "<group>";
		};
		F516D09121C4F1B100E3B2E7 /* Support Files */ = {
			isa = PBXGroup;
			children = (
				F516D09221C4F1B100E3B2E7 /* Assets.xcassets */,
				F516D09321C4F1B100E3B2E7 /* LaunchScreen.storyboard */,
				F516D09521C4F1B100E3B2E7 /* Main.storyboard */,
				F516D09821C4F1B100E3B2E7 /* Info.plist */,
			);
			path = "Support Files";
			sourceTree = "<group>";
		};
		F516D09E21C4F1B900E3B2E7 /* Extensions */ = {
			isa = PBXGroup;
			children = (
				F516D09F21C4F1B900E3B2E7 /* Extensions.swift */,
			);
			path = Extensions;
			sourceTree = "<group>";
		};
		F516D0A121C4F26D00E3B2E7 /* Components */ = {
			isa = PBXGroup;
			children = (
				F516D0A221C4F26D00E3B2E7 /* ItemsViewController.swift */,
			);
			path = Components;
			sourceTree = "<group>";
		};
		F54E9A2721BCE2900059C631 = {
			isa = PBXGroup;
			children = (
				F54E9A3221BCE2900059C631 /* Peanut */,
				F54E9A3121BCE2900059C631 /* Products */,
				EAAD484C9DB57556B11F9383 /* Pods */,
				8E0D068AED3AFD682A1D9A72 /* Frameworks */,
			);
			sourceTree = "<group>";
		};
		F54E9A3121BCE2900059C631 /* Products */ = {
			isa = PBXGroup;
			children = (
				F54E9A3021BCE2900059C631 /* Peanut.app */,
			);
			name = Products;
			sourceTree = "<group>";
		};
		F54E9A3221BCE2900059C631 /* Peanut */ = {
			isa = PBXGroup;
			children = (
				F516D08021C4F0F800E3B2E7 /* App Control */,
				F516D08521C4F19B00E3B2E7 /* Words */,
				F516D09021C4F1A800E3B2E7 /* Settings */,
				F516D0A121C4F26D00E3B2E7 /* Components */,
				F516D09E21C4F1B900E3B2E7 /* Extensions */,
				F516D09121C4F1B100E3B2E7 /* Support Files */,
			);
			path = Peanut;
			sourceTree = "<group>";
		};
/* End PBXGroup section */

/* Begin PBXNativeTarget section */
		F54E9A2F21BCE2900059C631 /* Peanut */ = {
			isa = PBXNativeTarget;
			buildConfigurationList = F54E9A4221BCE2920059C631 /* Build configuration list for PBXNativeTarget "Peanut" */;
			buildPhases = (
				76BF5541B73A8BB1A745BCA6 /* [CP] Check Pods Manifest.lock */,
				F54E9A2C21BCE2900059C631 /* Sources */,
				F54E9A2D21BCE2900059C631 /* Frameworks */,
				F54E9A2E21BCE2900059C631 /* Resources */,
				743EE0C05BAE8A2C4D940FC5 /* [CP] Embed Pods Frameworks */,
			);
			buildRules = (
			);
			dependencies = (
			);
			name = Peanut;
			productName = Peanut;
			productReference = F54E9A3021BCE2900059C631 /* Peanut.app */;
			productType = "com.apple.product-type.application";
		};
/* End PBXNativeTarget section */

/* Begin PBXProject section */
		F54E9A2821BCE2900059C631 /* Project object */ = {
			isa = PBXProject;
			attributes = {
				LastSwiftUpdateCheck = 1010;
				LastUpgradeCheck = 1010;
				ORGANIZATIONNAME = ShaoZ;
				TargetAttributes = {
					F54E9A2F21BCE2900059C631 = {
						CreatedOnToolsVersion = 10.1;
					};
				};
			};
			buildConfigurationList = F54E9A2B21BCE2900059C631 /* Build configuration list for PBXProject "Peanut" */;
			compatibilityVersion = "Xcode 9.3";
			developmentRegion = en;
			hasScannedForEncodings = 0;
			knownRegions = (
				en,
				Base,
			);
			mainGroup = F54E9A2721BCE2900059C631;
			productRefGroup = F54E9A3121BCE2900059C631 /* Products */;
			projectDirPath = "";
			projectRoot = "";
			targets = (
				F54E9A2F21BCE2900059C631 /* Peanut */,
			);
		};
/* End PBXProject section */

/* Begin PBXResourcesBuildPhase section */
		F54E9A2E21BCE2900059C631 /* Resources */ = {
			isa = PBXResourcesBuildPhase;
			buildActionMask = 2147483647;
			files = (
				F516D08F21C4F19B00E3B2E7 /* WordCardCell.xib in Resources */,
				F516D09B21C4F1B100E3B2E7 /* Main.storyboard in Resources */,
				F516D09A21C4F1B100E3B2E7 /* LaunchScreen.storyboard in Resources */,
				F516D09921C4F1B100E3B2E7 /* Assets.xcassets in Resources */,
			);
			runOnlyForDeploymentPostprocessing = 0;
		};
/* End PBXResourcesBuildPhase section */

/* Begin PBXShellScriptBuildPhase section */
		743EE0C05BAE8A2C4D940FC5 /* [CP] Embed Pods Frameworks */ = {
			isa = PBXShellScriptBuildPhase;
			buildActionMask = 2147483647;
			files = (
			);
			inputFileListPaths = (
			);
			inputPaths = (
				"${PODS_ROOT}/Target Support Files/Pods-Peanut/Pods-Peanut-frameworks.sh",
				"${BUILT_PRODUCTS_DIR}/Gestalt/Gestalt.framework",
				"${BUILT_PRODUCTS_DIR}/VerticalCardSwiper/VerticalCardSwiper.framework",
			);
			name = "[CP] Embed Pods Frameworks";
			outputFileListPaths = (
			);
			outputPaths = (
				"${TARGET_BUILD_DIR}/${FRAMEWORKS_FOLDER_PATH}/Gestalt.framework",
				"${TARGET_BUILD_DIR}/${FRAMEWORKS_FOLDER_PATH}/VerticalCardSwiper.framework",
			);
			runOnlyForDeploymentPostprocessing = 0;
			shellPath = /bin/sh;
			shellScript = "\"${PODS_ROOT}/Target Support Files/Pods-Peanut/Pods-Peanut-frameworks.sh\"\n";
			showEnvVarsInLog = 0;
		};
		76BF5541B73A8BB1A745BCA6 /* [CP] Check Pods Manifest.lock */ = {
			isa = PBXShellScriptBuildPhase;
			buildActionMask = 2147483647;
			files = (
			);
			inputFileListPaths = (
			);
			inputPaths = (
				"${PODS_PODFILE_DIR_PATH}/Podfile.lock",
				"${PODS_ROOT}/Manifest.lock",
			);
			name = "[CP] Check Pods Manifest.lock";
			outputFileListPaths = (
			);
			outputPaths = (
				"$(DERIVED_FILE_DIR)/Pods-Peanut-checkManifestLockResult.txt",
			);
			runOnlyForDeploymentPostprocessing = 0;
			shellPath = /bin/sh;
			shellScript = "diff \"${PODS_PODFILE_DIR_PATH}/Podfile.lock\" \"${PODS_ROOT}/Manifest.lock\" > /dev/null\nif [ $? != 0 ] ; then\n    # print error to STDERR\n    echo \"error: The sandbox is not in sync with the Podfile.lock. Run 'pod install' or update your CocoaPods installation.\" >&2\n    exit 1\nfi\n# This output is used by Xcode 'outputs' to avoid re-running this script phase.\necho \"SUCCESS\" > \"${SCRIPT_OUTPUT_FILE_0}\"\n";
			showEnvVarsInLog = 0;
		};
/* End PBXShellScriptBuildPhase section */

/* Begin PBXSourcesBuildPhase section */
		F54E9A2C21BCE2900059C631 /* Sources */ = {
			isa = PBXSourcesBuildPhase;
			buildActionMask = 2147483647;
			files = (
				F516D08421C4F0F800E3B2E7 /* App.swift in Sources */,
				F516D08C21C4F19B00E3B2E7 /* WordCardCell.swift in Sources */,
				F516D08321C4F0F800E3B2E7 /* AppDelegate.swift in Sources */,
				F516D08E21C4F19B00E3B2E7 /* Word.swift in Sources */,
				F516D08B21C4F19B00E3B2E7 /* CardViewController.swift in Sources */,
				F516D0A321C4F26D00E3B2E7 /* ItemsViewController.swift in Sources */,
				F516D08D21C4F19B00E3B2E7 /* WordCell.swift in Sources */,
				F57BAC1E21C5014D009D8F56 /* SettingItemCell.swift in Sources */,
				F516D0A021C4F1B900E3B2E7 /* Extensions.swift in Sources */,
				F57BAC1C21C4F51C009D8F56 /* SettingsViewController.swift in Sources */,
			);
			runOnlyForDeploymentPostprocessing = 0;
		};
/* End PBXSourcesBuildPhase section */

/* Begin PBXVariantGroup section */
		F516D09321C4F1B100E3B2E7 /* LaunchScreen.storyboard */ = {
			isa = PBXVariantGroup;
			children = (
				F516D09421C4F1B100E3B2E7 /* Base */,
			);
			name = LaunchScreen.storyboard;
			sourceTree = "<group>";
		};
/* End PBXVariantGroup section */

/* Begin XCBuildConfiguration section */
		F54E9A4021BCE2920059C631 /* Debug */ = {
			isa = XCBuildConfiguration;
			buildSettings = {
				ALWAYS_SEARCH_USER_PATHS = NO;
				CLANG_ANALYZER_NONNULL = YES;
				CLANG_ANALYZER_NUMBER_OBJECT_CONVERSION = YES_AGGRESSIVE;
				CLANG_CXX_LANGUAGE_STANDARD = "gnu++14";
				CLANG_CXX_LIBRARY = "libc++";
				CLANG_ENABLE_MODULES = YES;
				CLANG_ENABLE_OBJC_ARC = YES;
				CLANG_ENABLE_OBJC_WEAK = YES;
				CLANG_WARN_BLOCK_CAPTURE_AUTORELEASING = YES;
				CLANG_WARN_BOOL_CONVERSION = YES;
				CLANG_WARN_COMMA = YES;
				CLANG_WARN_CONSTANT_CONVERSION = YES;
				CLANG_WARN_DEPRECATED_OBJC_IMPLEMENTATIONS = YES;
				CLANG_WARN_DIRECT_OBJC_ISA_USAGE = YES_ERROR;
				CLANG_WARN_DOCUMENTATION_COMMENTS = YES;
				CLANG_WARN_EMPTY_BODY = YES;
				CLANG_WARN_ENUM_CONVERSION = YES;
				CLANG_WARN_INFINITE_RECURSION = YES;
				CLANG_WARN_INT_CONVERSION = YES;
				CLANG_WARN_NON_LITERAL_NULL_CONVERSION = YES;
				CLANG_WARN_OBJC_IMPLICIT_RETAIN_SELF = YES;
				CLANG_WARN_OBJC_LITERAL_CONVERSION = YES;
				CLANG_WARN_OBJC_ROOT_CLASS = YES_ERROR;
				CLANG_WARN_RANGE_LOOP_ANALYSIS = YES;
				CLANG_WARN_STRICT_PROTOTYPES = YES;
				CLANG_WARN_SUSPICIOUS_MOVE = YES;
				CLANG_WARN_UNGUARDED_AVAILABILITY = YES_AGGRESSIVE;
				CLANG_WARN_UNREACHABLE_CODE = YES;
				CLANG_WARN__DUPLICATE_METHOD_MATCH = YES;
				CODE_SIGN_IDENTITY = "iPhone Developer";
				COPY_PHASE_STRIP = NO;
				DEBUG_INFORMATION_FORMAT = dwarf;
				ENABLE_STRICT_OBJC_MSGSEND = YES;
				ENABLE_TESTABILITY = YES;
				GCC_C_LANGUAGE_STANDARD = gnu11;
				GCC_DYNAMIC_NO_PIC = NO;
				GCC_NO_COMMON_BLOCKS = YES;
				GCC_OPTIMIZATION_LEVEL = 0;
				GCC_PREPROCESSOR_DEFINITIONS = (
					"DEBUG=1",
					"$(inherited)",
				);
				GCC_WARN_64_TO_32_BIT_CONVERSION = YES;
				GCC_WARN_ABOUT_RETURN_TYPE = YES_ERROR;
				GCC_WARN_UNDECLARED_SELECTOR = YES;
				GCC_WARN_UNINITIALIZED_AUTOS = YES_AGGRESSIVE;
				GCC_WARN_UNUSED_FUNCTION = YES;
				GCC_WARN_UNUSED_VARIABLE = YES;
				IPHONEOS_DEPLOYMENT_TARGET = 12.1;
				MTL_ENABLE_DEBUG_INFO = INCLUDE_SOURCE;
				MTL_FAST_MATH = YES;
				ONLY_ACTIVE_ARCH = YES;
				SDKROOT = iphoneos;
				SWIFT_ACTIVE_COMPILATION_CONDITIONS = DEBUG;
				SWIFT_OPTIMIZATION_LEVEL = "-Onone";
			};
			name = Debug;
		};
		F54E9A4121BCE2920059C631 /* Release */ = {
			isa = XCBuildConfiguration;
			buildSettings = {
				ALWAYS_SEARCH_USER_PATHS = NO;
				CLANG_ANALYZER_NONNULL = YES;
				CLANG_ANALYZER_NUMBER_OBJECT_CONVERSION = YES_AGGRESSIVE;
				CLANG_CXX_LANGUAGE_STANDARD = "gnu++14";
				CLANG_CXX_LIBRARY = "libc++";
				CLANG_ENABLE_MODULES = YES;
				CLANG_ENABLE_OBJC_ARC = YES;
				CLANG_ENABLE_OBJC_WEAK = YES;
				CLANG_WARN_BLOCK_CAPTURE_AUTORELEASING = YES;
				CLANG_WARN_BOOL_CONVERSION = YES;
				CLANG_WARN_COMMA = YES;
				CLANG_WARN_CONSTANT_CONVERSION = YES;
				CLANG_WARN_DEPRECATED_OBJC_IMPLEMENTATIONS = YES;
				CLANG_WARN_DIRECT_OBJC_ISA_USAGE = YES_ERROR;
				CLANG_WARN_DOCUMENTATION_COMMENTS = YES;
				CLANG_WARN_EMPTY_BODY = YES;
				CLANG_WARN_ENUM_CONVERSION = YES;
				CLANG_WARN_INFINITE_RECURSION = YES;
				CLANG_WARN_INT_CONVERSION = YES;
				CLANG_WARN_NON_LITERAL_NULL_CONVERSION = YES;
				CLANG_WARN_OBJC_IMPLICIT_RETAIN_SELF = YES;
				CLANG_WARN_OBJC_LITERAL_CONVERSION = YES;
				CLANG_WARN_OBJC_ROOT_CLASS = YES_ERROR;
				CLANG_WARN_RANGE_LOOP_ANALYSIS = YES;
				CLANG_WARN_STRICT_PROTOTYPES = YES;
				CLANG_WARN_SUSPICIOUS_MOVE = YES;
				CLANG_WARN_UNGUARDED_AVAILABILITY = YES_AGGRESSIVE;
				CLANG_WARN_UNREACHABLE_CODE = YES;
				CLANG_WARN__DUPLICATE_METHOD_MATCH = YES;
				CODE_SIGN_IDENTITY = "iPhone Developer";
				COPY_PHASE_STRIP = NO;
				DEBUG_INFORMATION_FORMAT = "dwarf-with-dsym";
				ENABLE_NS_ASSERTIONS = NO;
				ENABLE_STRICT_OBJC_MSGSEND = YES;
				GCC_C_LANGUAGE_STANDARD = gnu11;
				GCC_NO_COMMON_BLOCKS = YES;
				GCC_WARN_64_TO_32_BIT_CONVERSION = YES;
				GCC_WARN_ABOUT_RETURN_TYPE = YES_ERROR;
				GCC_WARN_UNDECLARED_SELECTOR = YES;
				GCC_WARN_UNINITIALIZED_AUTOS = YES_AGGRESSIVE;
				GCC_WARN_UNUSED_FUNCTION = YES;
				GCC_WARN_UNUSED_VARIABLE = YES;
				IPHONEOS_DEPLOYMENT_TARGET = 12.1;
				MTL_ENABLE_DEBUG_INFO = NO;
				MTL_FAST_MATH = YES;
				SDKROOT = iphoneos;
				SWIFT_COMPILATION_MODE = wholemodule;
				SWIFT_OPTIMIZATION_LEVEL = "-O";
				VALIDATE_PRODUCT = YES;
			};
			name = Release;
		};
		F54E9A4321BCE2920059C631 /* Debug */ = {
			isa = XCBuildConfiguration;
			baseConfigurationReference = E530842B1E31C7E8A5469094 /* Pods-Peanut.debug.xcconfig */;
			buildSettings = {
				ASSETCATALOG_COMPILER_APPICON_NAME = AppIcon;
				CODE_SIGN_STYLE = Automatic;
				DEVELOPMENT_TEAM = 3RD23MG297;
				INFOPLIST_FILE = "Peanut/Support Files/Info.plist";
				LD_RUNPATH_SEARCH_PATHS = (
					"$(inherited)",
					"@executable_path/Frameworks",
				);
				PRODUCT_BUNDLE_IDENTIFIER = shao.z.Peanut;
				PRODUCT_NAME = "$(TARGET_NAME)";
				SWIFT_VERSION = 4.2;
				TARGETED_DEVICE_FAMILY = "1,2";
			};
			name = Debug;
		};
		F54E9A4421BCE2920059C631 /* Release */ = {
			isa = XCBuildConfiguration;
			baseConfigurationReference = 2AA529004B3296D710001735 /* Pods-Peanut.release.xcconfig */;
			buildSettings = {
				ASSETCATALOG_COMPILER_APPICON_NAME = AppIcon;
				CODE_SIGN_STYLE = Automatic;
				DEVELOPMENT_TEAM = 3RD23MG297;
				INFOPLIST_FILE = "Peanut/Support Files/Info.plist";
				LD_RUNPATH_SEARCH_PATHS = (
					"$(inherited)",
					"@executable_path/Frameworks",
				);
				PRODUCT_BUNDLE_IDENTIFIER = shao.z.Peanut;
				PRODUCT_NAME = "$(TARGET_NAME)";
				SWIFT_VERSION = 4.2;
				TARGETED_DEVICE_FAMILY = "1,2";
			};
			name = Release;
		};
/* End XCBuildConfiguration section */

/* Begin XCConfigurationList section */
		F54E9A2B21BCE2900059C631 /* Build configuration list for PBXProject "Peanut" */ = {
			isa = XCConfigurationList;
			buildConfigurations = (
				F54E9A4021BCE2920059C631 /* Debug */,
				F54E9A4121BCE2920059C631 /* Release */,
			);
			defaultConfigurationIsVisible = 0;
			defaultConfigurationName = Release;
		};
		F54E9A4221BCE2920059C631 /* Build configuration list for PBXNativeTarget "Peanut" */ = {
			isa = XCConfigurationList;
			buildConfigurations = (
				F54E9A4321BCE2920059C631 /* Debug */,
				F54E9A4421BCE2920059C631 /* Release */,
			);
			defaultConfigurationIsVisible = 0;
			defaultConfigurationName = Release;
		};
/* End XCConfigurationList section */
	};
	rootObject = F54E9A2821BCE2900059C631 /* Project object */;
}
